
Microsoft Visual Studio Solution File, Format Version 12.00
# Visual Studio Version 17
VisualStudioVersion = 17.14.36203.30
MinimumVisualStudioVersion = 10.0.40219.1
Project("{FAE04EC0-301F-11D3-BF4B-00C04F79EFBC}") = "NamedPipe.Server", "NamedPipe.Server\NamedPipe.Server.csproj", "{217F6411-FF93-4521-8A8E-D799B737F2CA}"
EndProject
Project("{FAE04EC0-301F-11D3-BF4B-00C04F79EFBC}") = "NamedPipe.Library", "NamedPipe.Library\NamedPipe.Library.csproj", "{0C6CD723-9061-4D00-BED7-F227F45DC741}"
EndProject
Project("{FAE04EC0-301F-11D3-BF4B-00C04F79EFBC}") = "NamedPipe.Client", "NamedPipe.Client\NamedPipe.Client.csproj", "{428DC161-88C4-42DD-94C5-39DF66D25F23}"
EndProject
Global
	GlobalSection(SolutionConfigurationPlatforms) = preSolution
		Debug|Any CPU = Debug|Any CPU
		Release|Any CPU = Release|Any CPU
	EndGlobalSection
	GlobalSection(ProjectConfigurationPlatforms) = postSolution
		{217F6411-FF93-4521-8A8E-D799B737F2CA}.Debug|Any CPU.ActiveCfg = Debug|Any CPU
		{217F6411-FF93-4521-8A8E-D799B737F2CA}.Debug|Any CPU.Build.0 = Debug|Any CPU
		{217F6411-FF93-4521-8A8E-D799B737F2CA}.Release|Any CPU.ActiveCfg = Release|Any CPU
		{217F6411-FF93-4521-8A8E-D799B737F2CA}.Release|Any CPU.Build.0 = Release|Any CPU
		{0C6CD723-9061-4D00-BED7-F227F45DC741}.Debug|Any CPU.ActiveCfg = Debug|Any CPU
		{0C6CD723-9061-4D00-BED7-F227F45DC741}.Debug|Any CPU.Build.0 = Debug|Any CPU
		{0C6CD723-9061-4D00-BED7-F227F45DC741}.Release|Any CPU.ActiveCfg = Release|Any CPU
		{0C6CD723-9061-4D00-BED7-F227F45DC741}.Release|Any CPU.Build.0 = Release|Any CPU
		{428DC161-88C4-42DD-94C5-39DF66D25F23}.Debug|Any CPU.ActiveCfg = Debug|Any CPU
		{428DC161-88C4-42DD-94C5-39DF66D25F23}.Debug|Any CPU.Build.0 = Debug|Any CPU
		{428DC161-88C4-42DD-94C5-39DF66D25F23}.Release|Any CPU.ActiveCfg = Release|Any CPU
		{428DC161-88C4-42DD-94C5-39DF66D25F23}.Release|Any CPU.Build.0 = Release|Any CPU
	EndGlobalSection
	GlobalSection(SolutionProperties) = preSolution
		HideSolutionNode = FALSE
	EndGlobalSection
	GlobalSection(ExtensibilityGlobals) = postSolution
		SolutionGuid = {C7AE1C1B-EC24-4108-BDC5-01912DE01709}
	EndGlobalSection
EndGlobal
